
Microsoft Visual Studio Solution File, Format Version 12.00
# Visual Studio Version 17
VisualStudioVersion = 17.10.34928.147
MinimumVisualStudioVersion = 10.0.40219.1
Project("{2150E333-8FDC-42A3-9474-1A3956D46DE8}") = "task1", "task1", "{60913F0F-BA46-4514-8C22-840E0352D42F}"
EndProject
Project("{FAE04EC0-301F-11D3-BF4B-00C04F79EFBC}") = "BubbleSort", "sort1\BubbleSort.csproj", "{91A88E1B-BCDC-4242-9679-7A6B83BDFF5C}"
EndProject
Project("{FAE04EC0-301F-11D3-BF4B-00C04F79EFBC}") = "VstavkiSort", "sort2\VstavkiSort.csproj", "{C19B98C8-A5E7-4845-8A5C-7D58B0469D75}"
EndProject
Project("{FAE04EC0-301F-11D3-BF4B-00C04F79EFBC}") = "ViborSort", "ViborSort\ViborSort.csproj", "{01A8C303-CBD2-4E5C-9EDA-31A2C82B6744}"
EndProject
Project("{FAE04EC0-301F-11D3-BF4B-00C04F79EFBC}") = "QuickSort", "QuickSort\QuickSort.csproj", "{10C6169B-041D-42CC-B072-160D81A98EB2}"
EndProject
Project("{FAE04EC0-301F-11D3-BF4B-00C04F79EFBC}") = "MergeSort", "MergeSort\MergeSort.csproj", "{CDAE4EF5-273C-4C01-B8AB-F37B47448ADA}"
EndProject
Project("{2150E333-8FDC-42A3-9474-1A3956D46DE8}") = "task2", "task2", "{D90A83A1-9C7C-4CD3-826D-A5920112AD5E}"
EndProject
Project("{FAE04EC0-301F-11D3-BF4B-00C04F79EFBC}") = "stack", "stack\stack.csproj", "{57058E6E-9671-4039-BD24-02B0AFAA4376}"
EndProject
Project("{FAE04EC0-301F-11D3-BF4B-00C04F79EFBC}") = "queue", "queue\queue.csproj", "{9D1795A8-5181-45F1-A27E-EBA882A7F33B}"
EndProject
Project("{2150E333-8FDC-42A3-9474-1A3956D46DE8}") = "task3", "task3", "{5290418B-5807-4050-8657-E3395CE337D8}"
EndProject
Project("{FAE04EC0-301F-11D3-BF4B-00C04F79EFBC}") = "simply_connected", "simply_connected\simply_connected.csproj", "{D82D5C31-A4F6-4E3F-A498-7E4766A95F2A}"
EndProject
Project("{FAE04EC0-301F-11D3-BF4B-00C04F79EFBC}") = "doubly_connected", "doubly_connected\doubly_connected.csproj", "{0006CBA1-F960-453A-88E4-934C10B13CED}"
EndProject
Global
	GlobalSection(SolutionConfigurationPlatforms) = preSolution
		Debug|Any CPU = Debug|Any CPU
		Release|Any CPU = Release|Any CPU
	EndGlobalSection
	GlobalSection(ProjectConfigurationPlatforms) = postSolution
		{91A88E1B-BCDC-4242-9679-7A6B83BDFF5C}.Debug|Any CPU.ActiveCfg = Debug|Any CPU
		{91A88E1B-BCDC-4242-9679-7A6B83BDFF5C}.Debug|Any CPU.Build.0 = Debug|Any CPU
		{91A88E1B-BCDC-4242-9679-7A6B83BDFF5C}.Release|Any CPU.ActiveCfg = Release|Any CPU
		{91A88E1B-BCDC-4242-9679-7A6B83BDFF5C}.Release|Any CPU.Build.0 = Release|Any CPU
		{C19B98C8-A5E7-4845-8A5C-7D58B0469D75}.Debug|Any CPU.ActiveCfg = Debug|Any CPU
		{C19B98C8-A5E7-4845-8A5C-7D58B0469D75}.Debug|Any CPU.Build.0 = Debug|Any CPU
		{C19B98C8-A5E7-4845-8A5C-7D58B0469D75}.Release|Any CPU.ActiveCfg = Release|Any CPU
		{C19B98C8-A5E7-4845-8A5C-7D58B0469D75}.Release|Any CPU.Build.0 = Release|Any CPU
		{01A8C303-CBD2-4E5C-9EDA-31A2C82B6744}.Debug|Any CPU.ActiveCfg = Debug|Any CPU
		{01A8C303-CBD2-4E5C-9EDA-31A2C82B6744}.Debug|Any CPU.Build.0 = Debug|Any CPU
		{01A8C303-CBD2-4E5C-9EDA-31A2C82B6744}.Release|Any CPU.ActiveCfg = Release|Any CPU
		{01A8C303-CBD2-4E5C-9EDA-31A2C82B6744}.Release|Any CPU.Build.0 = Release|Any CPU
		{10C6169B-041D-42CC-B072-160D81A98EB2}.Debug|Any CPU.ActiveCfg = Debug|Any CPU
		{10C6169B-041D-42CC-B072-160D81A98EB2}.Debug|Any CPU.Build.0 = Debug|Any CPU
		{10C6169B-041D-42CC-B072-160D81A98EB2}.Release|Any CPU.ActiveCfg = Release|Any CPU
		{10C6169B-041D-42CC-B072-160D81A98EB2}.Release|Any CPU.Build.0 = Release|Any CPU
		{CDAE4EF5-273C-4C01-B8AB-F37B47448ADA}.Debug|Any CPU.ActiveCfg = Debug|Any CPU
		{CDAE4EF5-273C-4C01-B8AB-F37B47448ADA}.Debug|Any CPU.Build.0 = Debug|Any CPU
		{CDAE4EF5-273C-4C01-B8AB-F37B47448ADA}.Release|Any CPU.ActiveCfg = Release|Any CPU
		{CDAE4EF5-273C-4C01-B8AB-F37B47448ADA}.Release|Any CPU.Build.0 = Release|Any CPU
		{57058E6E-9671-4039-BD24-02B0AFAA4376}.Debug|Any CPU.ActiveCfg = Debug|Any CPU
		{57058E6E-9671-4039-BD24-02B0AFAA4376}.Debug|Any CPU.Build.0 = Debug|Any CPU
		{57058E6E-9671-4039-BD24-02B0AFAA4376}.Release|Any CPU.ActiveCfg = Release|Any CPU
		{57058E6E-9671-4039-BD24-02B0AFAA4376}.Release|Any CPU.Build.0 = Release|Any CPU
		{9D1795A8-5181-45F1-A27E-EBA882A7F33B}.Debug|Any CPU.ActiveCfg = Debug|Any CPU
		{9D1795A8-5181-45F1-A27E-EBA882A7F33B}.Debug|Any CPU.Build.0 = Debug|Any CPU
		{9D1795A8-5181-45F1-A27E-EBA882A7F33B}.Release|Any CPU.ActiveCfg = Release|Any CPU
		{9D1795A8-5181-45F1-A27E-EBA882A7F33B}.Release|Any CPU.Build.0 = Release|Any CPU
		{D82D5C31-A4F6-4E3F-A498-7E4766A95F2A}.Debug|Any CPU.ActiveCfg = Debug|Any CPU
		{D82D5C31-A4F6-4E3F-A498-7E4766A95F2A}.Debug|Any CPU.Build.0 = Debug|Any CPU
		{D82D5C31-A4F6-4E3F-A498-7E4766A95F2A}.Release|Any CPU.ActiveCfg = Release|Any CPU
		{D82D5C31-A4F6-4E3F-A498-7E4766A95F2A}.Release|Any CPU.Build.0 = Release|Any CPU
		{0006CBA1-F960-453A-88E4-934C10B13CED}.Debug|Any CPU.ActiveCfg = Debug|Any CPU
		{0006CBA1-F960-453A-88E4-934C10B13CED}.Debug|Any CPU.Build.0 = Debug|Any CPU
		{0006CBA1-F960-453A-88E4-934C10B13CED}.Release|Any CPU.ActiveCfg = Release|Any CPU
		{0006CBA1-F960-453A-88E4-934C10B13CED}.Release|Any CPU.Build.0 = Release|Any CPU
	EndGlobalSection
	GlobalSection(SolutionProperties) = preSolution
		HideSolutionNode = FALSE
	EndGlobalSection
	GlobalSection(NestedProjects) = preSolution
		{91A88E1B-BCDC-4242-9679-7A6B83BDFF5C} = {60913F0F-BA46-4514-8C22-840E0352D42F}
		{C19B98C8-A5E7-4845-8A5C-7D58B0469D75} = {60913F0F-BA46-4514-8C22-840E0352D42F}
		{01A8C303-CBD2-4E5C-9EDA-31A2C82B6744} = {60913F0F-BA46-4514-8C22-840E0352D42F}
		{10C6169B-041D-42CC-B072-160D81A98EB2} = {60913F0F-BA46-4514-8C22-840E0352D42F}
		{CDAE4EF5-273C-4C01-B8AB-F37B47448ADA} = {60913F0F-BA46-4514-8C22-840E0352D42F}
		{57058E6E-9671-4039-BD24-02B0AFAA4376} = {D90A83A1-9C7C-4CD3-826D-A5920112AD5E}
		{9D1795A8-5181-45F1-A27E-EBA882A7F33B} = {D90A83A1-9C7C-4CD3-826D-A5920112AD5E}
		{D82D5C31-A4F6-4E3F-A498-7E4766A95F2A} = {5290418B-5807-4050-8657-E3395CE337D8}
		{0006CBA1-F960-453A-88E4-934C10B13CED} = {5290418B-5807-4050-8657-E3395CE337D8}
	EndGlobalSection
	GlobalSection(ExtensibilityGlobals) = postSolution
		SolutionGuid = {E4A0CCBE-4271-484F-B202-27495A566543}
	EndGlobalSection
EndGlobal
