
Microsoft Visual Studio Solution File, Format Version 12.00
# Visual Studio Version 17
VisualStudioVersion = 17.10.34928.147
MinimumVisualStudioVersion = 10.0.40219.1
Project("{2150E333-8FDC-42A3-9474-1A3956D46DE8}") = "task1", "task1", "{60913F0F-BA46-4514-8C22-840E0352D42F}"
EndProject
Project("{FAE04EC0-301F-11D3-BF4B-00C04F79EFBC}") = "BubbleSort", "sort1\BubbleSort.csproj", "{91A88E1B-BCDC-4242-9679-7A6B83BDFF5C}"
EndProject
Project("{FAE04EC0-301F-11D3-BF4B-00C04F79EFBC}") = "VstavkiSort", "sort2\VstavkiSort.csproj", "{C19B98C8-A5E7-4845-8A5C-7D58B0469D75}"
EndProject
Project("{FAE04EC0-301F-11D3-BF4B-00C04F79EFBC}") = "ViborSort", "ViborSort\ViborSort.csproj", "{01A8C303-CBD2-4E5C-9EDA-31A2C82B6744}"
EndProject
Global
	GlobalSection(SolutionConfigurationPlatforms) = preSolution
		Debug|Any CPU = Debug|Any CPU
		Release|Any CPU = Release|Any CPU
	EndGlobalSection
	GlobalSection(ProjectConfigurationPlatforms) = postSolution
		{91A88E1B-BCDC-4242-9679-7A6B83BDFF5C}.Debug|Any CPU.ActiveCfg = Debug|Any CPU
		{91A88E1B-BCDC-4242-9679-7A6B83BDFF5C}.Debug|Any CPU.Build.0 = Debug|Any CPU
		{91A88E1B-BCDC-4242-9679-7A6B83BDFF5C}.Release|Any CPU.ActiveCfg = Release|Any CPU
		{91A88E1B-BCDC-4242-9679-7A6B83BDFF5C}.Release|Any CPU.Build.0 = Release|Any CPU
		{C19B98C8-A5E7-4845-8A5C-7D58B0469D75}.Debug|Any CPU.ActiveCfg = Debug|Any CPU
		{C19B98C8-A5E7-4845-8A5C-7D58B0469D75}.Debug|Any CPU.Build.0 = Debug|Any CPU
		{C19B98C8-A5E7-4845-8A5C-7D58B0469D75}.Release|Any CPU.ActiveCfg = Release|Any CPU
		{C19B98C8-A5E7-4845-8A5C-7D58B0469D75}.Release|Any CPU.Build.0 = Release|Any CPU
		{01A8C303-CBD2-4E5C-9EDA-31A2C82B6744}.Debug|Any CPU.ActiveCfg = Debug|Any CPU
		{01A8C303-CBD2-4E5C-9EDA-31A2C82B6744}.Debug|Any CPU.Build.0 = Debug|Any CPU
		{01A8C303-CBD2-4E5C-9EDA-31A2C82B6744}.Release|Any CPU.ActiveCfg = Release|Any CPU
		{01A8C303-CBD2-4E5C-9EDA-31A2C82B6744}.Release|Any CPU.Build.0 = Release|Any CPU
	EndGlobalSection
	GlobalSection(SolutionProperties) = preSolution
		HideSolutionNode = FALSE
	EndGlobalSection
	GlobalSection(NestedProjects) = preSolution
		{91A88E1B-BCDC-4242-9679-7A6B83BDFF5C} = {60913F0F-BA46-4514-8C22-840E0352D42F}
		{C19B98C8-A5E7-4845-8A5C-7D58B0469D75} = {60913F0F-BA46-4514-8C22-840E0352D42F}
		{01A8C303-CBD2-4E5C-9EDA-31A2C82B6744} = {60913F0F-BA46-4514-8C22-840E0352D42F}
	EndGlobalSection
	GlobalSection(ExtensibilityGlobals) = postSolution
		SolutionGuid = {E4A0CCBE-4271-484F-B202-27495A566543}
	EndGlobalSection
EndGlobal
